
Microsoft Visual Studio Solution File, Format Version 10.00
# Visual Studio 2008
Project("{8BC9CEB8-8B4A-11D0-8D11-00A0C91BC942}") = "DirectXSpike", "DirectXSpike.vcproj", "{D22913D7-CA3C-42B9-8257-A1245F4D22D8}"
EndProject
Global
	GlobalSection(SolutionConfigurationPlatforms) = preSolution
		Debug|Win32 = Debug|Win32
		Release|Win32 = Release|Win32
	EndGlobalSection
	GlobalSection(ProjectConfigurationPlatforms) = postSolution
		{D22913D7-CA3C-42B9-8257-A1245F4D22D8}.Debug|Win32.ActiveCfg = Debug|Win32
		{D22913D7-CA3C-42B9-8257-A1245F4D22D8}.Debug|Win32.Build.0 = Debug|Win32
		{D22913D7-CA3C-42B9-8257-A1245F4D22D8}.Release|Win32.ActiveCfg = Release|Win32
		{D22913D7-CA3C-42B9-8257-A1245F4D22D8}.Release|Win32.Build.0 = Release|Win32
	EndGlobalSection
	GlobalSection(SolutionProperties) = preSolution
		HideSolutionNode = FALSE
	EndGlobalSection
EndGlobal
